{
  "name": "tc-net3-server",
  "version": "0.0.0",
  "dependencies": {
    "abbrev": {
      "version": "1.1.1"
    },
    "accepts": {
      "version": "1.3.4"
    },
    "acorn": {
      "version": "3.3.0"
    },
    "acorn-globals": {
      "version": "3.1.0",
      "dependencies": {
        "acorn": {
          "version": "4.0.13"
        }
      }
    },
    "ajv": {
      "version": "5.4.0"
    },
    "align-text": {
      "version": "0.1.4"
    },
    "amdefine": {
      "version": "1.0.1"
    },
    "ansi-regex": {
      "version": "2.1.1"
    },
    "ansi-styles": {
      "version": "2.2.1"
    },
    "aproba": {
      "version": "1.2.0"
    },
    "are-we-there-yet": {
      "version": "1.1.4",
      "dependencies": {
        "readable-stream": {
          "version": "2.3.3"
        }
      }
    },
    "array-find-index": {
      "version": "1.0.2"
    },
    "array-flatten": {
      "version": "1.1.1"
    },
    "asap": {
      "version": "2.0.6"
    },
    "asn1": {
      "version": "0.2.3"
    },
    "assert-plus": {
      "version": "1.0.0"
    },
    "async": {
      "version": "1.5.2"
    },
    "async-foreach": {
      "version": "0.1.3"
    },
    "asynckit": {
      "version": "0.4.0"
    },
    "aws-sign2": {
      "version": "0.7.0"
    },
    "aws4": {
      "version": "1.6.0"
    },
    "balanced-match": {
      "version": "1.0.0"
    },
    "base64url": {
      "version": "2.0.0"
    },
    "basic-auth": {
      "version": "2.0.0"
    },
    "bcrypt-pbkdf": {
      "version": "1.0.1",
      "optional": true
    },
    "bcryptjs": {
      "version": "2.4.3"
    },
    "block-stream": {
      "version": "0.0.9"
    },
    "body-parser": {
      "version": "1.18.2"
    },
    "boom": {
      "version": "4.3.1"
    },
    "brace-expansion": {
      "version": "1.1.8"
    },
    "bson": {
      "version": "1.0.4"
    },
    "buffer-equal-constant-time": {
      "version": "1.0.1"
    },
    "buffer-shims": {
      "version": "1.0.0"
    },
    "builtin-modules": {
      "version": "1.1.1"
    },
    "bytes": {
      "version": "3.0.0"
    },
    "camelcase": {
      "version": "3.0.0"
    },
    "camelcase-keys": {
      "version": "2.1.0",
      "dependencies": {
        "camelcase": {
          "version": "2.1.1"
        }
      }
    },
    "camelize": {
      "version": "1.0.0"
    },
    "caseless": {
      "version": "0.12.0"
    },
    "center-align": {
      "version": "0.1.3"
    },
    "chalk": {
      "version": "1.1.3"
    },
    "character-parser": {
      "version": "2.2.0"
    },
    "clean-css": {
      "version": "3.4.28"
    },
    "cliui": {
      "version": "2.1.0"
    },
    "co": {
      "version": "4.6.0"
    },
    "code-point-at": {
      "version": "1.1.0"
    },
    "combined-stream": {
      "version": "1.0.5"
    },
    "commander": {
      "version": "2.8.1"
    },
    "compressible": {
      "version": "2.0.12"
    },
    "compression": {
      "version": "1.7.1"
    },
    "concat-map": {
      "version": "0.0.1"
    },
    "console-control-strings": {
      "version": "1.1.0"
    },
    "constantinople": {
      "version": "3.1.0",
      "dependencies": {
        "is-expression": {
          "version": "2.1.0"
        }
      }
    },
    "content-disposition": {
      "version": "0.5.2"
    },
    "content-security-policy-builder": {
      "version": "1.1.0"
    },
    "content-type": {
      "version": "1.0.4"
    },
    "cookie": {
      "version": "0.3.1"
    },
    "cookie-parser": {
      "version": "1.4.3"
    },
    "cookie-signature": {
      "version": "1.0.6"
    },
    "core-util-is": {
      "version": "1.0.2"
    },
    "cors": {
      "version": "2.8.4"
    },
    "cron-parser": {
      "version": "2.4.3"
    },
    "cross-spawn": {
      "version": "3.0.1"
    },
    "cryptiles": {
      "version": "3.1.2",
      "dependencies": {
        "boom": {
          "version": "5.2.0"
        }
      }
    },
    "currently-unhandled": {
      "version": "0.4.1"
    },
    "dashdash": {
      "version": "1.14.1"
    },
    "dasherize": {
      "version": "2.0.0"
    },
    "dashify": {
      "version": "0.2.2"
    },
    "debug": {
      "version": "2.6.9"
    },
    "decamelize": {
      "version": "1.2.0"
    },
    "define-properties": {
      "version": "1.1.2"
    },
    "delayed-stream": {
      "version": "1.0.0"
    },
    "delegates": {
      "version": "1.0.0"
    },
    "depd": {
      "version": "1.1.1"
    },
    "destroy": {
      "version": "1.0.4"
    },
    "dns-prefetch-control": {
      "version": "0.1.0"
    },
    "doctypes": {
      "version": "1.1.0"
    },
    "dont-sniff-mimetype": {
      "version": "1.0.0"
    },
    "dotenv": {
      "version": "4.0.0"
    },
    "ecc-jsbn": {
      "version": "0.1.1",
      "optional": true
    },
    "ecdsa-sig-formatter": {
      "version": "1.0.9"
    },
    "ee-first": {
      "version": "1.1.1"
    },
    "encodeurl": {
      "version": "1.0.1"
    },
    "error-ex": {
      "version": "1.3.1"
    },
    "es6-promise": {
      "version": "3.2.1"
    },
    "escape-html": {
      "version": "1.0.3"
    },
    "escape-string-regexp": {
      "version": "1.0.5"
    },
    "etag": {
      "version": "1.8.1"
    },
    "expect-ct": {
      "version": "0.1.0"
    },
    "express": {
      "version": "4.15.5",
      "dependencies": {
        "qs": {
          "version": "6.5.0"
        }
      }
    },
    "express-jwt": {
      "version": "5.3.0",
      "dependencies": {
        "jsonwebtoken": {
          "version": "7.4.3"
        }
      }
    },
    "express-jwt-permissions": {
      "version": "1.0.0"
    },
    "express-unless": {
      "version": "0.3.1"
    },
    "extend": {
      "version": "3.0.1"
    },
    "extsprintf": {
      "version": "1.3.0"
    },
    "fast-deep-equal": {
      "version": "1.0.0"
    },
    "fast-json-stable-stringify": {
      "version": "2.0.0"
    },
    "finalhandler": {
      "version": "1.0.6"
    },
    "find-up": {
      "version": "1.1.2"
    },
    "foreach": {
      "version": "2.0.5"
    },
    "forever-agent": {
      "version": "0.6.1"
    },
    "form-data": {
      "version": "2.3.1"
    },
    "forwarded": {
      "version": "0.1.2"
    },
    "frameguard": {
      "version": "3.0.0"
    },
    "fresh": {
      "version": "0.5.2"
    },
    "fs.realpath": {
      "version": "1.0.0"
    },
    "fstream": {
      "version": "1.0.11"
    },
    "function-bind": {
      "version": "1.1.1"
    },
    "gauge": {
      "version": "2.7.4"
    },
    "gaze": {
      "version": "1.1.2"
    },
    "get-caller-file": {
      "version": "1.0.2"
    },
    "get-stdin": {
      "version": "4.0.1"
    },
    "getpass": {
      "version": "0.1.7"
    },
    "glob": {
      "version": "7.1.2"
    },
    "globule": {
      "version": "1.2.0",
      "dependencies": {
        "lodash": {
          "version": "4.17.4"
        }
      }
    },
    "graceful-fs": {
      "version": "4.1.11"
    },
    "graceful-readlink": {
      "version": "1.0.1"
    },
    "har-schema": {
      "version": "2.0.0"
    },
    "har-validator": {
      "version": "5.0.3"
    },
    "has": {
      "version": "1.0.1"
    },
    "has-ansi": {
      "version": "2.0.0"
    },
    "has-unicode": {
      "version": "2.0.1"
    },
    "hawk": {
      "version": "6.0.2"
    },
    "helmet": {
      "version": "3.9.0"
    },
    "helmet-csp": {
      "version": "2.6.0"
    },
    "hide-powered-by": {
      "version": "1.0.0"
    },
    "hoek": {
      "version": "4.2.0"
    },
    "hosted-git-info": {
      "version": "2.5.0"
    },
    "hpkp": {
      "version": "2.0.0"
    },
    "hsts": {
      "version": "2.1.0"
    },
    "http-errors": {
      "version": "1.6.2",
      "dependencies": {
        "statuses": {
          "version": "1.4.0"
        }
      }
    },
    "http-signature": {
      "version": "1.2.0"
    },
    "iconv-lite": {
      "version": "0.4.19"
    },
    "ienoopen": {
      "version": "1.0.0"
    },
    "in-publish": {
      "version": "2.0.0"
    },
    "indent-string": {
      "version": "2.1.0"
    },
    "inflight": {
      "version": "1.0.6"
    },
    "inherits": {
      "version": "2.0.3"
    },
    "invert-kv": {
      "version": "1.0.0"
    },
    "ipaddr.js": {
      "version": "1.4.0"
    },
    "is-arrayish": {
      "version": "0.2.1"
    },
    "is-buffer": {
      "version": "1.1.6"
    },
    "is-builtin-module": {
      "version": "1.0.0"
    },
    "is-expression": {
      "version": "3.0.0",
      "dependencies": {
        "acorn": {
          "version": "4.0.13"
        }
      }
    },
    "is-finite": {
      "version": "1.0.2"
    },
    "is-fullwidth-code-point": {
      "version": "1.0.0"
    },
    "is-nan": {
      "version": "1.2.1"
    },
    "is-promise": {
      "version": "2.1.0"
    },
    "is-regex": {
      "version": "1.0.4"
    },
    "is-typedarray": {
      "version": "1.0.0"
    },
    "is-utf8": {
      "version": "0.2.1"
    },
    "isarray": {
      "version": "1.0.0"
    },
    "isemail": {
      "version": "1.2.0"
    },
    "isexe": {
      "version": "2.0.0"
    },
    "isstream": {
      "version": "0.1.2"
    },
    "joi": {
      "version": "6.10.1",
      "dependencies": {
        "hoek": {
          "version": "2.16.3"
        }
      }
    },
    "js-base64": {
      "version": "2.3.2"
    },
    "js-stringify": {
      "version": "1.0.2"
    },
    "jsbn": {
      "version": "0.1.1",
      "optional": true
    },
    "json-schema": {
      "version": "0.2.3"
    },
    "json-schema-traverse": {
      "version": "0.3.1"
    },
    "json-stringify-safe": {
      "version": "5.0.1"
    },
    "jsonwebtoken": {
      "version": "5.7.0",
      "dependencies": {
        "ms": {
          "version": "0.7.3"
        }
      }
    },
    "jsprim": {
      "version": "1.4.1"
    },
    "jstransformer": {
      "version": "1.0.0"
    },
    "jwa": {
      "version": "1.1.5"
    },
    "jws": {
      "version": "3.1.4"
    },
    "kind-of": {
      "version": "3.2.2"
    },
    "lazy-cache": {
      "version": "1.0.4"
    },
    "lcid": {
      "version": "1.0.0"
    },
    "load-json-file": {
      "version": "1.1.0"
    },
    "lodash": {
      "version": "3.10.1"
    },
    "lodash.assign": {
      "version": "4.2.0"
    },
    "lodash.clonedeep": {
      "version": "4.5.0"
    },
    "lodash.get": {
      "version": "4.4.2"
    },
    "lodash.once": {
      "version": "4.1.1"
    },
    "lodash.reduce": {
      "version": "4.6.0"
    },
    "lodash.set": {
      "version": "4.3.2"
    },
    "long-timeout": {
      "version": "0.1.1"
    },
    "longest": {
      "version": "1.0.1"
    },
    "loud-rejection": {
      "version": "1.6.0"
    },
    "lru-cache": {
      "version": "4.1.1"
    },
    "map-obj": {
      "version": "1.0.1"
    },
    "media-typer": {
      "version": "0.3.0"
    },
    "meow": {
      "version": "3.7.0",
      "dependencies": {
        "minimist": {
          "version": "1.2.0"
        }
      }
    },
    "merge-descriptors": {
      "version": "1.0.1"
    },
    "methods": {
      "version": "1.1.2"
    },
    "mime": {
      "version": "1.3.4"
    },
    "mime-db": {
      "version": "1.31.0"
    },
    "mime-types": {
      "version": "2.1.17",
      "dependencies": {
        "mime-db": {
          "version": "1.30.0"
        }
      }
    },
    "minimatch": {
      "version": "3.0.4"
    },
    "minimist": {
      "version": "0.0.8"
    },
    "mkdirp": {
      "version": "0.5.1"
    },
    "moment": {
      "version": "2.19.2"
    },
    "moment-timezone": {
      "version": "0.5.14"
    },
    "mongodb": {
      "version": "2.2.33"
    },
    "mongodb-core": {
      "version": "2.1.17"
    },
    "mongoskin": {
      "version": "2.1.0"
    },
    "morgan": {
      "version": "1.9.0"
    },
    "ms": {
      "version": "2.0.0"
    },
    "nan": {
      "version": "2.8.0"
    },
    "negotiator": {
      "version": "0.6.1"
    },
    "nocache": {
      "version": "2.0.0"
    },
    "node-gyp": {
      "version": "3.6.2",
      "dependencies": {
        "semver": {
          "version": "5.3.0"
        }
      }
    },
    "node-sass": {
      "version": "3.13.1"
    },
    "node-sass-middleware": {
      "version": "0.9.8"
    },
    "node-schedule": {
      "version": "1.2.5"
    },
    "nopt": {
      "version": "3.0.6"
    },
    "normalize-package-data": {
      "version": "2.4.0"
    },
    "npmlog": {
      "version": "4.1.2"
    },
    "number-is-nan": {
      "version": "1.0.1"
    },
    "oauth-sign": {
      "version": "0.8.2"
    },
    "object-assign": {
      "version": "4.1.1"
    },
    "object-keys": {
      "version": "1.0.11"
    },
    "on-finished": {
      "version": "2.3.0"
    },
    "on-headers": {
      "version": "1.0.1"
    },
    "once": {
      "version": "1.4.0"
    },
    "os-homedir": {
      "version": "1.0.2"
    },
    "os-locale": {
      "version": "1.4.0"
    },
    "os-tmpdir": {
      "version": "1.0.2"
    },
    "osenv": {
      "version": "0.1.4"
    },
    "parse-json": {
      "version": "2.2.0"
    },
    "parseurl": {
      "version": "1.3.2"
    },
    "path-exists": {
      "version": "2.1.0"
    },
    "path-is-absolute": {
      "version": "1.0.1"
    },
    "path-parse": {
      "version": "1.0.5"
    },
    "path-to-regexp": {
      "version": "0.1.7"
    },
    "path-type": {
      "version": "1.1.0"
    },
    "performance-now": {
      "version": "2.1.0"
    },
    "pify": {
      "version": "2.3.0"
    },
    "pinkie": {
      "version": "2.0.4"
    },
    "pinkie-promise": {
      "version": "2.0.1"
    },
    "platform": {
      "version": "1.3.4"
    },
    "process-nextick-args": {
      "version": "1.0.7"
    },
    "promise": {
      "version": "7.3.1"
    },
    "proxy-addr": {
      "version": "1.1.5"
    },
    "pseudomap": {
      "version": "1.0.2"
    },
    "pug": {
      "version": "2.0.0-rc.4"
    },
    "pug-attrs": {
      "version": "2.0.2"
    },
    "pug-code-gen": {
      "version": "2.0.0"
    },
    "pug-error": {
      "version": "1.3.2"
    },
    "pug-filters": {
      "version": "2.1.5"
    },
    "pug-lexer": {
      "version": "3.1.0"
    },
    "pug-linker": {
      "version": "3.0.3"
    },
    "pug-load": {
      "version": "2.0.9"
    },
    "pug-parser": {
      "version": "4.0.0"
    },
    "pug-runtime": {
      "version": "2.0.3"
    },
    "pug-strip-comments": {
      "version": "1.0.2"
    },
    "pug-walk": {
      "version": "1.1.5"
    },
    "punycode": {
      "version": "1.4.1"
    },
    "q": {
      "version": "1.5.1"
    },
    "qs": {
      "version": "6.5.1"
    },
    "range-parser": {
      "version": "1.2.0"
    },
    "raw-body": {
      "version": "2.3.2"
    },
    "read-pkg": {
      "version": "1.1.0"
    },
    "read-pkg-up": {
      "version": "1.0.1"
    },
    "readable-stream": {
      "version": "2.2.7"
    },
    "redent": {
      "version": "1.0.0"
    },
    "referrer-policy": {
      "version": "1.1.0"
    },
    "repeat-string": {
      "version": "1.6.1"
    },
    "repeating": {
      "version": "2.0.1"
    },
    "request": {
      "version": "2.83.0"
    },
    "require_optional": {
      "version": "1.0.1"
    },
    "require-directory": {
      "version": "2.1.1"
    },
    "require-main-filename": {
      "version": "1.0.1"
    },
    "resolve": {
      "version": "1.5.0"
    },
    "resolve-from": {
      "version": "2.0.0"
    },
    "right-align": {
      "version": "0.1.3"
    },
    "rimraf": {
      "version": "2.6.2"
    },
    "rootpath": {
      "version": "0.1.2"
    },
    "safe-buffer": {
      "version": "5.1.1"
    },
    "sass-graph": {
      "version": "2.2.4",
      "dependencies": {
        "lodash": {
          "version": "4.17.4"
        }
      }
    },
    "scss-tokenizer": {
      "version": "0.2.3"
    },
    "semver": {
      "version": "5.4.1"
    },
    "send": {
      "version": "0.15.6"
    },
    "serve-favicon": {
      "version": "2.4.5"
    },
    "serve-static": {
      "version": "1.12.6"
    },
    "set-blocking": {
      "version": "2.0.0"
    },
    "setprototypeof": {
      "version": "1.0.3"
    },
    "signal-exit": {
      "version": "3.0.2"
    },
    "sntp": {
      "version": "2.1.0"
    },
    "sorted-array-functions": {
      "version": "1.0.0"
    },
    "source-map": {
      "version": "0.4.4"
    },
    "spdx-correct": {
      "version": "1.0.2"
    },
    "spdx-expression-parse": {
      "version": "1.0.4"
    },
    "spdx-license-ids": {
      "version": "1.2.2"
    },
    "sshpk": {
      "version": "1.13.1"
    },
    "statuses": {
      "version": "1.3.1"
    },
    "string_decoder": {
      "version": "1.0.3"
    },
    "string-width": {
      "version": "1.0.2"
    },
    "stringstream": {
      "version": "0.0.5"
    },
    "strip-ansi": {
      "version": "3.0.1"
    },
    "strip-bom": {
      "version": "2.0.0"
    },
    "strip-indent": {
      "version": "1.0.1"
    },
    "supports-color": {
      "version": "2.0.0"
    },
    "tar": {
      "version": "2.2.1"
    },
    "token-stream": {
      "version": "0.0.1"
    },
    "topo": {
      "version": "1.1.0",
      "dependencies": {
        "hoek": {
          "version": "2.16.3"
        }
      }
    },
    "tough-cookie": {
      "version": "2.3.3"
    },
    "trim-newlines": {
      "version": "1.0.0"
    },
    "tunnel-agent": {
      "version": "0.6.0"
    },
    "tweetnacl": {
      "version": "0.14.5",
      "optional": true
    },
    "type-is": {
      "version": "1.6.15"
    },
    "uglify-js": {
      "version": "2.8.29",
      "dependencies": {
        "camelcase": {
          "version": "1.2.1"
        },
        "source-map": {
          "version": "0.5.7"
        },
        "yargs": {
          "version": "3.10.0"
        }
      }
    },
    "uglify-to-browserify": {
      "version": "1.0.2",
      "optional": true
    },
    "unpipe": {
      "version": "1.0.0"
    },
    "util-deprecate": {
      "version": "1.0.2"
    },
    "utils-merge": {
      "version": "1.0.0"
    },
    "uuid": {
      "version": "3.1.0"
    },
    "validate-npm-package-license": {
      "version": "3.0.1"
    },
    "vary": {
      "version": "1.1.2"
    },
    "verror": {
      "version": "1.10.0"
    },
    "void-elements": {
      "version": "2.0.1"
    },
    "which": {
      "version": "1.3.0"
    },
    "which-module": {
      "version": "1.0.0"
    },
    "wide-align": {
      "version": "1.1.2"
    },
    "window-size": {
      "version": "0.1.0"
    },
    "with": {
      "version": "5.1.1"
    },
    "wordwrap": {
      "version": "0.0.2"
    },
    "wrap-ansi": {
      "version": "2.1.0"
    },
    "wrappy": {
      "version": "1.0.2"
    },
    "x-xss-protection": {
      "version": "1.0.0"
    },
    "xtend": {
      "version": "4.0.1"
    },
    "y18n": {
      "version": "3.2.1"
    },
    "yallist": {
      "version": "2.1.2"
    },
    "yargs": {
      "version": "7.1.0",
      "dependencies": {
        "cliui": {
          "version": "3.2.0"
        }
      }
    },
    "yargs-parser": {
      "version": "5.0.0"
    }
  }
}
